{
  "name": "thai-address-example",
  "lockfileVersion": 2,
  "requires": true,
  "packages": {
    "": {
      "dependencies": {
        "@chonla/thai-address": "1.2.2",
        "lodash": "4.17.21"
      }
    },
    "node_modules/@chonla/thai-address": {
      "version": "1.2.2",
      "resolved": "https://registry.npmjs.org/@chonla/thai-address/-/thai-address-1.2.2.tgz",
      "integrity": "sha512-ve5xNRsp/+4eVW/jkUOoTeMn7WOypUki+RO5jh6CTC0VCn38skT08K3KTdHdSYyUfkDcIABxC7m7jwxvzIpu5w==",
      "dependencies": {
        "lodash": "4.17.21"
      }
    },
    "node_modules/lodash": {
      "version": "4.17.21",
      "resolved": "https://registry.npmjs.org/lodash/-/lodash-4.17.21.tgz",
      "integrity": "sha512-v2kDEe57lecTulaDIuNTPy3Ry4gLGJ6Z1O3vE1krgXZNrsQ+LFTGHVxVjcXPs17LhbZVGedAJv8XZ1tvj5FvSg=="
    }
  },
  "dependencies": {
    "@chonla/thai-address": {
      "version": "1.2.2",
      "resolved": "https://registry.npmjs.org/@chonla/thai-address/-/thai-address-1.2.2.tgz",
      "integrity": "sha512-ve5xNRsp/+4eVW/jkUOoTeMn7WOypUki+RO5jh6CTC0VCn38skT08K3KTdHdSYyUfkDcIABxC7m7jwxvzIpu5w==",
      "requires": {
        "lodash": "4.17.21"
      }
    },
    "lodash": {
      "version": "4.17.21",
      "resolved": "https://registry.npmjs.org/lodash/-/lodash-4.17.21.tgz",
      "integrity": "sha512-v2kDEe57lecTulaDIuNTPy3Ry4gLGJ6Z1O3vE1krgXZNrsQ+LFTGHVxVjcXPs17LhbZVGedAJv8XZ1tvj5FvSg=="
    }
  }
}
