{
  "name": "thai-address-example",
  "lockfileVersion": 2,
  "requires": true,
  "packages": {
    "": {
      "dependencies": {
        "@chonla/thai-address": "1.1.0",
        "lodash": "4.17.21"
      }
    },
    "node_modules/@chonla/thai-address": {
      "version": "1.1.0",
      "resolved": "https://registry.npmjs.org/@chonla/thai-address/-/thai-address-1.1.0.tgz",
      "integrity": "sha512-LvO4xclOA8JT97s7Q90wApaGdksYu/WuXuVqec/jGjgiOqNNcLV8F1Uq9ptNlSuH9QldcJyqmVHPwiNE2+MO4Q==",
      "dependencies": {
        "lodash": "4.17.21"
      }
    },
    "node_modules/lodash": {
      "version": "4.17.21",
      "resolved": "https://registry.npmjs.org/lodash/-/lodash-4.17.21.tgz",
      "integrity": "sha512-v2kDEe57lecTulaDIuNTPy3Ry4gLGJ6Z1O3vE1krgXZNrsQ+LFTGHVxVjcXPs17LhbZVGedAJv8XZ1tvj5FvSg=="
    }
  },
  "dependencies": {
    "@chonla/thai-address": {
      "version": "1.1.0",
      "resolved": "https://registry.npmjs.org/@chonla/thai-address/-/thai-address-1.1.0.tgz",
      "integrity": "sha512-LvO4xclOA8JT97s7Q90wApaGdksYu/WuXuVqec/jGjgiOqNNcLV8F1Uq9ptNlSuH9QldcJyqmVHPwiNE2+MO4Q==",
      "requires": {
        "lodash": "4.17.21"
      }
    },
    "lodash": {
      "version": "4.17.21",
      "resolved": "https://registry.npmjs.org/lodash/-/lodash-4.17.21.tgz",
      "integrity": "sha512-v2kDEe57lecTulaDIuNTPy3Ry4gLGJ6Z1O3vE1krgXZNrsQ+LFTGHVxVjcXPs17LhbZVGedAJv8XZ1tvj5FvSg=="
    }
  }
}
