{
  "name": "thai-address-example",
  "lockfileVersion": 2,
  "requires": true,
  "packages": {
    "": {
      "dependencies": {
        "@chonla/thai-address": "1.2.0",
        "lodash": "4.17.21"
      }
    },
    "node_modules/@chonla/thai-address": {
      "version": "1.2.0",
      "resolved": "https://registry.npmjs.org/@chonla/thai-address/-/thai-address-1.2.0.tgz",
      "integrity": "sha512-tVR6ChXsbCikHBo4GITXqLLElcaHr6862xul/r6nvhPD+e3KBN/7uobXdB8AlACznUjfrc5YCxtD/ZzwN745Rw==",
      "dependencies": {
        "lodash": "4.17.21"
      }
    },
    "node_modules/lodash": {
      "version": "4.17.21",
      "resolved": "https://registry.npmjs.org/lodash/-/lodash-4.17.21.tgz",
      "integrity": "sha512-v2kDEe57lecTulaDIuNTPy3Ry4gLGJ6Z1O3vE1krgXZNrsQ+LFTGHVxVjcXPs17LhbZVGedAJv8XZ1tvj5FvSg=="
    }
  },
  "dependencies": {
    "@chonla/thai-address": {
      "version": "1.2.0",
      "resolved": "https://registry.npmjs.org/@chonla/thai-address/-/thai-address-1.2.0.tgz",
      "integrity": "sha512-tVR6ChXsbCikHBo4GITXqLLElcaHr6862xul/r6nvhPD+e3KBN/7uobXdB8AlACznUjfrc5YCxtD/ZzwN745Rw==",
      "requires": {
        "lodash": "4.17.21"
      }
    },
    "lodash": {
      "version": "4.17.21",
      "resolved": "https://registry.npmjs.org/lodash/-/lodash-4.17.21.tgz",
      "integrity": "sha512-v2kDEe57lecTulaDIuNTPy3Ry4gLGJ6Z1O3vE1krgXZNrsQ+LFTGHVxVjcXPs17LhbZVGedAJv8XZ1tvj5FvSg=="
    }
  }
}
